PODS:
  - SnapKit (3.2.0)
  - VGPlayer (0.1.0):
    - SnapKit (~> 3.2.0)

DEPENDENCIES:
  - VGPlayer (from `../`)

EXTERNAL SOURCES:
  VGPlayer:
    :path: ../

SPEC CHECKSUMS:
  SnapKit: 1ca44df72cfa543218d177cb8aab029d10d86ea7
  VGPlayer: 653a090c6b756dcd96bb466af2334c755a0b7938

PODFILE CHECKSUM: 42836598836d22df90bc314686421f150d136f4c

COCOAPODS: 1.2.1
